
Microsoft Visual Studio Solution File, Format Version 12.00
# Visual Studio Version 17
VisualStudioVersion = 17.5.33516.290
MinimumVisualStudioVersion = 10.0.40219.1
Project("{2150E333-8FDC-42A3-9474-1A3956D46DE8}") = "src", "src", "{0E1FF1F9-99D6-4571-90B0-1972D90B4881}"
EndProject
Project("{2150E333-8FDC-42A3-9474-1A3956D46DE8}") = "Api", "Api", "{715E5133-2985-48A6-8A58-996D5E83C3B9}"
EndProject
Project("{2150E333-8FDC-42A3-9474-1A3956D46DE8}") = "Gui", "Gui", "{604C1212-B289-456E-B57D-99C01EF771E0}"
EndProject
Project("{FAE04EC0-301F-11D3-BF4B-00C04F79EFBC}") = "Notes.Api", "src\Api\Notes.Api\Notes.Api.csproj", "{C884491B-FCE8-4D49-8EE3-C37731BC25C6}"
EndProject
Project("{FAE04EC0-301F-11D3-BF4B-00C04F79EFBC}") = "Notes.Api.Entities", "src\Api\Notes.Api.Entities\Notes.Api.Entities.csproj", "{4AB3BF5A-5B8D-4F44-B13F-ED7A1A81CFA2}"
EndProject
Project("{FAE04EC0-301F-11D3-BF4B-00C04F79EFBC}") = "Notes.Api.Data", "src\Api\Notes.Api.Data\Notes.Api.Data.csproj", "{815991FC-FF04-4FB3-B2F6-F6FA5B51BBBD}"
EndProject
Project("{FAE04EC0-301F-11D3-BF4B-00C04F79EFBC}") = "Notes.Api.Domain", "src\Api\Notes.Api.Domain\Notes.Api.Domain.csproj", "{44E7BD1E-71DD-45F1-A0B2-795D565472D3}"
EndProject
Global
	GlobalSection(SolutionConfigurationPlatforms) = preSolution
		Debug|Any CPU = Debug|Any CPU
		Release|Any CPU = Release|Any CPU
	EndGlobalSection
	GlobalSection(ProjectConfigurationPlatforms) = postSolution
		{C884491B-FCE8-4D49-8EE3-C37731BC25C6}.Debug|Any CPU.ActiveCfg = Debug|Any CPU
		{C884491B-FCE8-4D49-8EE3-C37731BC25C6}.Debug|Any CPU.Build.0 = Debug|Any CPU
		{C884491B-FCE8-4D49-8EE3-C37731BC25C6}.Release|Any CPU.ActiveCfg = Release|Any CPU
		{C884491B-FCE8-4D49-8EE3-C37731BC25C6}.Release|Any CPU.Build.0 = Release|Any CPU
		{4AB3BF5A-5B8D-4F44-B13F-ED7A1A81CFA2}.Debug|Any CPU.ActiveCfg = Debug|Any CPU
		{4AB3BF5A-5B8D-4F44-B13F-ED7A1A81CFA2}.Debug|Any CPU.Build.0 = Debug|Any CPU
		{4AB3BF5A-5B8D-4F44-B13F-ED7A1A81CFA2}.Release|Any CPU.ActiveCfg = Release|Any CPU
		{4AB3BF5A-5B8D-4F44-B13F-ED7A1A81CFA2}.Release|Any CPU.Build.0 = Release|Any CPU
		{815991FC-FF04-4FB3-B2F6-F6FA5B51BBBD}.Debug|Any CPU.ActiveCfg = Debug|Any CPU
		{815991FC-FF04-4FB3-B2F6-F6FA5B51BBBD}.Debug|Any CPU.Build.0 = Debug|Any CPU
		{815991FC-FF04-4FB3-B2F6-F6FA5B51BBBD}.Release|Any CPU.ActiveCfg = Release|Any CPU
		{815991FC-FF04-4FB3-B2F6-F6FA5B51BBBD}.Release|Any CPU.Build.0 = Release|Any CPU
		{44E7BD1E-71DD-45F1-A0B2-795D565472D3}.Debug|Any CPU.ActiveCfg = Debug|Any CPU
		{44E7BD1E-71DD-45F1-A0B2-795D565472D3}.Debug|Any CPU.Build.0 = Debug|Any CPU
		{44E7BD1E-71DD-45F1-A0B2-795D565472D3}.Release|Any CPU.ActiveCfg = Release|Any CPU
		{44E7BD1E-71DD-45F1-A0B2-795D565472D3}.Release|Any CPU.Build.0 = Release|Any CPU
	EndGlobalSection
	GlobalSection(SolutionProperties) = preSolution
		HideSolutionNode = FALSE
	EndGlobalSection
	GlobalSection(NestedProjects) = preSolution
		{715E5133-2985-48A6-8A58-996D5E83C3B9} = {0E1FF1F9-99D6-4571-90B0-1972D90B4881}
		{604C1212-B289-456E-B57D-99C01EF771E0} = {0E1FF1F9-99D6-4571-90B0-1972D90B4881}
		{C884491B-FCE8-4D49-8EE3-C37731BC25C6} = {715E5133-2985-48A6-8A58-996D5E83C3B9}
		{4AB3BF5A-5B8D-4F44-B13F-ED7A1A81CFA2} = {715E5133-2985-48A6-8A58-996D5E83C3B9}
		{815991FC-FF04-4FB3-B2F6-F6FA5B51BBBD} = {715E5133-2985-48A6-8A58-996D5E83C3B9}
		{44E7BD1E-71DD-45F1-A0B2-795D565472D3} = {715E5133-2985-48A6-8A58-996D5E83C3B9}
	EndGlobalSection
	GlobalSection(ExtensibilityGlobals) = postSolution
		SolutionGuid = {2005410A-E657-429B-8811-464975CC0EB7}
	EndGlobalSection
EndGlobal
